
Microsoft Visual Studio Solution File, Format Version 12.00
# Visual Studio Version 17
VisualStudioVersion = 17.3.32901.215
MinimumVisualStudioVersion = 10.0.40219.1
Project("{FAE04EC0-301F-11D3-BF4B-00C04F79EFBC}") = "VillageRhapsody_Cheat", "VillageRhapsody_Cheat\VillageRhapsody_Cheat.csproj", "{BEB829A0-EDEA-433E-BE7D-5C3E7B01B20F}"
EndProject
Global
	GlobalSection(SolutionConfigurationPlatforms) = preSolution
		Debug|Any CPU = Debug|Any CPU
		Release|Any CPU = Release|Any CPU
	EndGlobalSection
	GlobalSection(ProjectConfigurationPlatforms) = postSolution
		{BEB829A0-EDEA-433E-BE7D-5C3E7B01B20F}.Debug|Any CPU.ActiveCfg = Debug|Any CPU
		{BEB829A0-EDEA-433E-BE7D-5C3E7B01B20F}.Debug|Any CPU.Build.0 = Debug|Any CPU
		{BEB829A0-EDEA-433E-BE7D-5C3E7B01B20F}.Release|Any CPU.ActiveCfg = Release|Any CPU
		{BEB829A0-EDEA-433E-BE7D-5C3E7B01B20F}.Release|Any CPU.Build.0 = Release|Any CPU
	EndGlobalSection
	GlobalSection(SolutionProperties) = preSolution
		HideSolutionNode = FALSE
	EndGlobalSection
	GlobalSection(ExtensibilityGlobals) = postSolution
		SolutionGuid = {B2733FEA-6CB9-483D-9995-6D89495027C5}
	EndGlobalSection
EndGlobal
